<?xml version="1.0" encoding="utf-8"?>
<Project ToolsVersion="4.0" xmlns="http://schemas.microsoft.com/developer/msbuild/2003">
  <ItemGroup>
    <Filter Include="Source Files">
      <UniqueIdentifier>{4FC737F1-C7A5-4376-A066-2A32D752A2FF}</UniqueIdentifier>
      <Extensions>cpp;c;cc;cxx;c++;cppm;ixx;def;odl;idl;hpj;bat;asm;asmx</Extensions>
    </Filter>
    <Filter Include="Header Files">
      <UniqueIdentifier>{93995380-89BD-4b04-88EB-625FBE52EBFB}</UniqueIdentifier>
      <Extensions>h;hh;hpp;hxx;h++;hm;inl;inc;ipp;xsd</Extensions>
    </Filter>
    <Filter Include="Resource Files">
      <UniqueIdentifier>{67DA6AB6-F800-4c08-8B7A-83BB121AAD01}</UniqueIdentifier>
      <Extensions>rc;ico;cur;bmp;dlg;rc2;rct;bin;rgs;gif;jpg;jpeg;jpe;resx;tiff;tif;png;wav;mfcribbon-ms</Extensions>
    </Filter>
    <Filter Include="luapp">
      <UniqueIdentifier>{215c12ca-0040-440a-b407-c271b0921c4e}</UniqueIdentifier>
    </Filter>
    <Filter Include="lua">
      <UniqueIdentifier>{3f22d731-2f30-4b3e-8da7-25300ac86f20}</UniqueIdentifier>
    </Filter>
    <Filter Include="lua\lua51">
      <UniqueIdentifier>{c4fc030e-9d8a-4082-83d1-ac051eddcf43}</UniqueIdentifier>
    </Filter>
    <Filter Include="lua\lua50">
      <UniqueIdentifier>{50c048d4-ee08-4934-acd7-3c3e87afded4}</UniqueIdentifier>
    </Filter>
    <Filter Include="lua\lua52">
      <UniqueIdentifier>{31d63f88-cc4e-4b01-91d7-9fbd6b358f2d}</UniqueIdentifier>
    </Filter>
    <Filter Include="lua\lua53">
      <UniqueIdentifier>{d1cc093b-36ae-400c-830f-252d3f61f458}</UniqueIdentifier>
    </Filter>
    <Filter Include="lua\lua54">
      <UniqueIdentifier>{c69be97d-8afb-4ad4-b8a8-6c3624b02660}</UniqueIdentifier>
    </Filter>
  </ItemGroup>
  <ItemGroup>
    <ClCompile Include="LuappDev.cpp">
      <Filter>Source Files</Filter>
    </ClCompile>
    <ClCompile Include="pch.cpp">
      <Filter>Source Files</Filter>
    </ClCompile>
    <ClCompile Include="luapp\luappjit.cpp">
      <Filter>luapp</Filter>
    </ClCompile>
    <ClCompile Include="luapp\luapp51.cpp">
      <Filter>Source Files</Filter>
    </ClCompile>
  </ItemGroup>
  <ItemGroup>
    <ClInclude Include="pch.h">
      <Filter>Header Files</Filter>
    </ClInclude>
    <ClInclude Include="luapp\constexprTypename.h">
      <Filter>luapp</Filter>
    </ClInclude>
    <ClInclude Include="lua50\lauxlib.h">
      <Filter>lua\lua50</Filter>
    </ClInclude>
    <ClInclude Include="lua50\lua.h">
      <Filter>lua\lua50</Filter>
    </ClInclude>
    <ClInclude Include="lua50\lualib.h">
      <Filter>lua\lua50</Filter>
    </ClInclude>
    <ClInclude Include="luapp\luapp50.h">
      <Filter>luapp</Filter>
    </ClInclude>
    <ClInclude Include="lua51\lauxlib.h">
      <Filter>lua\lua51</Filter>
    </ClInclude>
    <ClInclude Include="lua51\lua.h">
      <Filter>lua\lua51</Filter>
    </ClInclude>
    <ClInclude Include="lua51\lua.hpp">
      <Filter>lua\lua51</Filter>
    </ClInclude>
    <ClInclude Include="lua51\luaconf.h">
      <Filter>lua\lua51</Filter>
    </ClInclude>
    <ClInclude Include="lua51\lualib.h">
      <Filter>lua\lua51</Filter>
    </ClInclude>
    <ClInclude Include="lua52\lauxlib.h">
      <Filter>lua\lua52</Filter>
    </ClInclude>
    <ClInclude Include="lua52\lua.h">
      <Filter>lua\lua52</Filter>
    </ClInclude>
    <ClInclude Include="lua52\lua.hpp">
      <Filter>lua\lua52</Filter>
    </ClInclude>
    <ClInclude Include="lua52\luaconf.h">
      <Filter>lua\lua52</Filter>
    </ClInclude>
    <ClInclude Include="lua52\lualib.h">
      <Filter>lua\lua52</Filter>
    </ClInclude>
    <ClInclude Include="lua53\lauxlib.h">
      <Filter>lua\lua53</Filter>
    </ClInclude>
    <ClInclude Include="lua53\lua.h">
      <Filter>lua\lua53</Filter>
    </ClInclude>
    <ClInclude Include="lua53\lua.hpp">
      <Filter>lua\lua53</Filter>
    </ClInclude>
    <ClInclude Include="lua53\luaconf.h">
      <Filter>lua\lua53</Filter>
    </ClInclude>
    <ClInclude Include="lua53\lualib.h">
      <Filter>lua\lua53</Filter>
    </ClInclude>
    <ClInclude Include="lua54\lauxlib.h">
      <Filter>lua\lua54</Filter>
    </ClInclude>
    <ClInclude Include="lua54\lua.h">
      <Filter>lua\lua54</Filter>
    </ClInclude>
    <ClInclude Include="lua54\lua.hpp">
      <Filter>lua\lua54</Filter>
    </ClInclude>
    <ClInclude Include="lua54\luaconf.h">
      <Filter>lua\lua54</Filter>
    </ClInclude>
    <ClInclude Include="lua54\lualib.h">
      <Filter>lua\lua54</Filter>
    </ClInclude>
    <ClInclude Include="luapp\luapp51.h">
      <Filter>luapp</Filter>
    </ClInclude>
    <ClInclude Include="luapp\luapp52.h">
      <Filter>luapp</Filter>
    </ClInclude>
    <ClInclude Include="luapp\luapp53.h">
      <Filter>luapp</Filter>
    </ClInclude>
    <ClInclude Include="luapp\luapp54.h">
      <Filter>luapp</Filter>
    </ClInclude>
    <ClInclude Include="luapp\luapp_common.h">
      <Filter>luapp</Filter>
    </ClInclude>
    <ClInclude Include="luapp\luapp_userdata.h">
      <Filter>luapp</Filter>
    </ClInclude>
    <ClInclude Include="luapp\luapp_decorator.h">
      <Filter>luapp</Filter>
    </ClInclude>
    <ClInclude Include="luapp\luappjit.h">
      <Filter>luapp</Filter>
    </ClInclude>
  </ItemGroup>
</Project>